
Microsoft Visual Studio Solution File, Format Version 12.00
# Visual Studio Version 16
VisualStudioVersion = 16.0.31702.278
MinimumVisualStudioVersion = 10.0.40219.1
Project("{FAE04EC0-301F-11D3-BF4B-00C04F79EFBC}") = "BasketApiwithRedis", "BasketApiwithRedis\BasketApiwithRedis.csproj", "{ADE928B2-70D2-4946-8251-063269A15F49}"
EndProject
Global
	GlobalSection(SolutionConfigurationPlatforms) = preSolution
		Debug|Any CPU = Debug|Any CPU
		Release|Any CPU = Release|Any CPU
	EndGlobalSection
	GlobalSection(ProjectConfigurationPlatforms) = postSolution
		{ADE928B2-70D2-4946-8251-063269A15F49}.Debug|Any CPU.ActiveCfg = Debug|Any CPU
		{ADE928B2-70D2-4946-8251-063269A15F49}.Debug|Any CPU.Build.0 = Debug|Any CPU
		{ADE928B2-70D2-4946-8251-063269A15F49}.Release|Any CPU.ActiveCfg = Release|Any CPU
		{ADE928B2-70D2-4946-8251-063269A15F49}.Release|Any CPU.Build.0 = Release|Any CPU
	EndGlobalSection
	GlobalSection(SolutionProperties) = preSolution
		HideSolutionNode = FALSE
	EndGlobalSection
	GlobalSection(ExtensibilityGlobals) = postSolution
		SolutionGuid = {5C1AB5AD-2A2B-41A3-99AF-9F536BD8988B}
	EndGlobalSection
EndGlobal
